
Microsoft Visual Studio Solution File, Format Version 12.00
# Visual Studio Version 17
VisualStudioVersion = 17.0.32014.148
MinimumVisualStudioVersion = 10.0.40219.1
Project("{FAE04EC0-301F-11D3-BF4B-00C04F79EFBC}") = "CursoAPI.NETCORE", "CursoAPI.NETCORE\CursoAPI.NETCORE.csproj", "{877A8D46-E526-468B-86CC-ED53ED901C6A}"
EndProject
Global
	GlobalSection(SolutionConfigurationPlatforms) = preSolution
		Debug|Any CPU = Debug|Any CPU
		Release|Any CPU = Release|Any CPU
	EndGlobalSection
	GlobalSection(ProjectConfigurationPlatforms) = postSolution
		{877A8D46-E526-468B-86CC-ED53ED901C6A}.Debug|Any CPU.ActiveCfg = Debug|Any CPU
		{877A8D46-E526-468B-86CC-ED53ED901C6A}.Debug|Any CPU.Build.0 = Debug|Any CPU
		{877A8D46-E526-468B-86CC-ED53ED901C6A}.Release|Any CPU.ActiveCfg = Release|Any CPU
		{877A8D46-E526-468B-86CC-ED53ED901C6A}.Release|Any CPU.Build.0 = Release|Any CPU
	EndGlobalSection
	GlobalSection(SolutionProperties) = preSolution
		HideSolutionNode = FALSE
	EndGlobalSection
	GlobalSection(ExtensibilityGlobals) = postSolution
		SolutionGuid = {62902BEC-8A7E-4158-ABEB-3F70C22ABD89}
	EndGlobalSection
EndGlobal
